
Microsoft Visual Studio Solution File, Format Version 12.00
# Visual Studio Version 17
VisualStudioVersion = 17.7.34202.233
MinimumVisualStudioVersion = 10.0.40219.1
Project("{FAE04EC0-301F-11D3-BF4B-00C04F79EFBC}") = "TestApp3", "TestApp3\TestApp3.csproj", "{C2B9F046-8316-4512-B4C1-00C15A99AB4F}"
EndProject
Global
	GlobalSection(SolutionConfigurationPlatforms) = preSolution
		Debug|Any CPU = Debug|Any CPU
		Release|Any CPU = Release|Any CPU
	EndGlobalSection
	GlobalSection(ProjectConfigurationPlatforms) = postSolution
		{C2B9F046-8316-4512-B4C1-00C15A99AB4F}.Debug|Any CPU.ActiveCfg = Debug|Any CPU
		{C2B9F046-8316-4512-B4C1-00C15A99AB4F}.Debug|Any CPU.Build.0 = Debug|Any CPU
		{C2B9F046-8316-4512-B4C1-00C15A99AB4F}.Release|Any CPU.ActiveCfg = Release|Any CPU
		{C2B9F046-8316-4512-B4C1-00C15A99AB4F}.Release|Any CPU.Build.0 = Release|Any CPU
	EndGlobalSection
	GlobalSection(SolutionProperties) = preSolution
		HideSolutionNode = FALSE
	EndGlobalSection
	GlobalSection(ExtensibilityGlobals) = postSolution
		SolutionGuid = {F633E274-D601-4CE7-ABC9-4C9090AD93F9}
	EndGlobalSection
EndGlobal
